
Microsoft Visual Studio Solution File, Format Version 12.00
# Visual Studio Version 17
VisualStudioVersion = 17.10.35027.167
MinimumVisualStudioVersion = 10.0.40219.1
Project("{FAE04EC0-301F-11D3-BF4B-00C04F79EFBC}") = "TestingASP", "TestingASP.csproj", "{92CBA0EE-702F-4D53-B029-0CEA5D3538A7}"
EndProject
Global
	GlobalSection(SolutionConfigurationPlatforms) = preSolution
		Debug|Any CPU = Debug|Any CPU
		Release|Any CPU = Release|Any CPU
	EndGlobalSection
	GlobalSection(ProjectConfigurationPlatforms) = postSolution
		{92CBA0EE-702F-4D53-B029-0CEA5D3538A7}.Debug|Any CPU.ActiveCfg = Debug|Any CPU
		{92CBA0EE-702F-4D53-B029-0CEA5D3538A7}.Debug|Any CPU.Build.0 = Debug|Any CPU
		{92CBA0EE-702F-4D53-B029-0CEA5D3538A7}.Release|Any CPU.ActiveCfg = Release|Any CPU
		{92CBA0EE-702F-4D53-B029-0CEA5D3538A7}.Release|Any CPU.Build.0 = Release|Any CPU
	EndGlobalSection
	GlobalSection(SolutionProperties) = preSolution
		HideSolutionNode = FALSE
	EndGlobalSection
	GlobalSection(ExtensibilityGlobals) = postSolution
		SolutionGuid = {F43E19D8-7D1B-49DA-BB6B-7BDBE8D61E02}
	EndGlobalSection
EndGlobal
